// !$*UTF8*$!
{
	archiveVersion = 1;
	classes = {
	};
	objectVersion = 48;
	objects = {

/* Begin PBXBuildFile section */
		126BF45420A5D31E00F5FBFA /* AppDelegate.swift in Sources */ = {isa = PBXBuildFile; fileRef = 126BF45320A5D31E00F5FBFA /* AppDelegate.swift */; };
		126BF45920A5D31E00F5FBFA /* Main.storyboard in Resources */ = {isa = PBXBuildFile; fileRef = 126BF45720A5D31E00F5FBFA /* Main.storyboard */; };
		126BF45C20A5D31E00F5FBFA /* SpellingAntiOS.xcdatamodeld in Sources */ = {isa = PBXBuildFile; fileRef = 126BF45A20A5D31E00F5FBFA /* SpellingAntiOS.xcdatamodeld */; };
		126BF45E20A5D31E00F5FBFA /* Assets.xcassets in Resources */ = {isa = PBXBuildFile; fileRef = 126BF45D20A5D31E00F5FBFA /* Assets.xcassets */; };
		126BF46120A5D31E00F5FBFA /* LaunchScreen.storyboard in Resources */ = {isa = PBXBuildFile; fileRef = 126BF45F20A5D31E00F5FBFA /* LaunchScreen.storyboard */; };
		126BF46A20A5D3D600F5FBFA /* AudioTranscriptionService.swift in Sources */ = {isa = PBXBuildFile; fileRef = 126BF46820A5D3D500F5FBFA /* AudioTranscriptionService.swift */; };
		126BF46B20A5D3D600F5FBFA /* SpeechDetectionViewController.swift in Sources */ = {isa = PBXBuildFile; fileRef = 126BF46920A5D3D500F5FBFA /* SpeechDetectionViewController.swift */; };
		126BF46D20A5D9E000F5FBFA /* MultipeerService.swift in Sources */ = {isa = PBXBuildFile; fileRef = 126BF46C20A5D9DF00F5FBFA /* MultipeerService.swift */; };
		CBC8242720AB3CB70045B83C /* KDCIrcularProgress.swift in Sources */ = {isa = PBXBuildFile; fileRef = CBC8242620AB3CB70045B83C /* KDCIrcularProgress.swift */; };
		CBC8242A20AB58800045B83C /* Pulsing.swift in Sources */ = {isa = PBXBuildFile; fileRef = CBC8242920AB58800045B83C /* Pulsing.swift */; };
/* End PBXBuildFile section */

/* Begin PBXFileReference section */
		126BF45020A5D31E00F5FBFA /* SpellingAntiOS.app */ = {isa = PBXFileReference; explicitFileType = wrapper.application; includeInIndex = 0; path = SpellingAntiOS.app; sourceTree = BUILT_PRODUCTS_DIR; };
		126BF45320A5D31E00F5FBFA /* AppDelegate.swift */ = {isa = PBXFileReference; lastKnownFileType = sourcecode.swift; path = AppDelegate.swift; sourceTree = "<group>"; };
		126BF45820A5D31E00F5FBFA /* Base */ = {isa = PBXFileReference; lastKnownFileType = file.storyboard; name = Base; path = Base.lproj/Main.storyboard; sourceTree = "<group>"; };
		126BF45B20A5D31E00F5FBFA /* SpellingAntiOS.xcdatamodel */ = {isa = PBXFileReference; lastKnownFileType = wrapper.xcdatamodel; path = SpellingAntiOS.xcdatamodel; sourceTree = "<group>"; };
		126BF45D20A5D31E00F5FBFA /* Assets.xcassets */ = {isa = PBXFileReference; lastKnownFileType = folder.assetcatalog; path = Assets.xcassets; sourceTree = "<group>"; };
		126BF46020A5D31E00F5FBFA /* Base */ = {isa = PBXFileReference; lastKnownFileType = file.storyboard; name = Base; path = Base.lproj/LaunchScreen.storyboard; sourceTree = "<group>"; };
		126BF46220A5D31E00F5FBFA /* Info.plist */ = {isa = PBXFileReference; lastKnownFileType = text.plist.xml; path = Info.plist; sourceTree = "<group>"; };
		126BF46820A5D3D500F5FBFA /* AudioTranscriptionService.swift */ = {isa = PBXFileReference; fileEncoding = 4; lastKnownFileType = sourcecode.swift; path = AudioTranscriptionService.swift; sourceTree = "<group>"; };
		126BF46920A5D3D500F5FBFA /* SpeechDetectionViewController.swift */ = {isa = PBXFileReference; fileEncoding = 4; lastKnownFileType = sourcecode.swift; path = SpeechDetectionViewController.swift; sourceTree = "<group>"; };
		126BF46C20A5D9DF00F5FBFA /* MultipeerService.swift */ = {isa = PBXFileReference; fileEncoding = 4; lastKnownFileType = sourcecode.swift; path = MultipeerService.swift; sourceTree = "<group>"; };
		12A82A4420B47F12001EA478 /* SpellingAntiOS.entitlements */ = {isa = PBXFileReference; lastKnownFileType = text.plist.entitlements; path = SpellingAntiOS.entitlements; sourceTree = "<group>"; };
		CBC8242620AB3CB70045B83C /* KDCIrcularProgress.swift */ = {isa = PBXFileReference; lastKnownFileType = sourcecode.swift; path = KDCIrcularProgress.swift; sourceTree = "<group>"; };
		CBC8242920AB58800045B83C /* Pulsing.swift */ = {isa = PBXFileReference; lastKnownFileType = sourcecode.swift; path = Pulsing.swift; sourceTree = "<group>"; };
/* End PBXFileReference section */

/* Begin PBXFrameworksBuildPhase section */
		126BF44D20A5D31E00F5FBFA /* Frameworks */ = {
			isa = PBXFrameworksBuildPhase;
			buildActionMask = 2147483647;
			files = (
			);
			runOnlyForDeploymentPostprocessing = 0;
		};
/* End PBXFrameworksBuildPhase section */

/* Begin PBXGroup section */
		126BF44720A5D31E00F5FBFA = {
			isa = PBXGroup;
			children = (
				126BF45220A5D31E00F5FBFA /* SpellingAntiOS */,
				126BF45120A5D31E00F5FBFA /* Products */,
			);
			sourceTree = "<group>";
		};
		126BF45120A5D31E00F5FBFA /* Products */ = {
			isa = PBXGroup;
			children = (
				126BF45020A5D31E00F5FBFA /* SpellingAntiOS.app */,
			);
			name = Products;
			sourceTree = "<group>";
		};
		126BF45220A5D31E00F5FBFA /* SpellingAntiOS */ = {
			isa = PBXGroup;
			children = (
				12A82A4420B47F12001EA478 /* SpellingAntiOS.entitlements */,
				126BF45320A5D31E00F5FBFA /* AppDelegate.swift */,
				126BF45D20A5D31E00F5FBFA /* Assets.xcassets */,
				126BF46220A5D31E00F5FBFA /* Info.plist */,
				126BF45A20A5D31E00F5FBFA /* SpellingAntiOS.xcdatamodeld */,
				CBC8242320AB3A4D0045B83C /* Model */,
				CBC8242420AB3A570045B83C /* View */,
				CBC8242520AB3A630045B83C /* Controller */,
			);
			path = SpellingAntiOS;
			sourceTree = "<group>";
		};
		CBC8242220AB3A430045B83C /* Services */ = {
			isa = PBXGroup;
			children = (
				126BF46C20A5D9DF00F5FBFA /* MultipeerService.swift */,
				126BF46820A5D3D500F5FBFA /* AudioTranscriptionService.swift */,
			);
			path = Services;
			sourceTree = "<group>";
		};
		CBC8242320AB3A4D0045B83C /* Model */ = {
			isa = PBXGroup;
			children = (
				CBC8242220AB3A430045B83C /* Services */,
			);
			path = Model;
			sourceTree = "<group>";
		};
		CBC8242420AB3A570045B83C /* View */ = {
			isa = PBXGroup;
			children = (
				CBC8242620AB3CB70045B83C /* KDCIrcularProgress.swift */,
				CBC8242920AB58800045B83C /* Pulsing.swift */,
				CBC8242820AB3CCF0045B83C /* Storyboard */,
			);
			path = View;
			sourceTree = "<group>";
		};
		CBC8242520AB3A630045B83C /* Controller */ = {
			isa = PBXGroup;
			children = (
				126BF46920A5D3D500F5FBFA /* SpeechDetectionViewController.swift */,
			);
			path = Controller;
			sourceTree = "<group>";
		};
		CBC8242820AB3CCF0045B83C /* Storyboard */ = {
			isa = PBXGroup;
			children = (
				126BF45720A5D31E00F5FBFA /* Main.storyboard */,
				126BF45F20A5D31E00F5FBFA /* LaunchScreen.storyboard */,
			);
			path = Storyboard;
			sourceTree = "<group>";
		};
/* End PBXGroup section */

/* Begin PBXNativeTarget section */
		126BF44F20A5D31E00F5FBFA /* SpellingAntiOS */ = {
			isa = PBXNativeTarget;
			buildConfigurationList = 126BF46520A5D31E00F5FBFA /* Build configuration list for PBXNativeTarget "SpellingAntiOS" */;
			buildPhases = (
				126BF44C20A5D31E00F5FBFA /* Sources */,
				126BF44D20A5D31E00F5FBFA /* Frameworks */,
				126BF44E20A5D31E00F5FBFA /* Resources */,
			);
			buildRules = (
			);
			dependencies = (
			);
			name = SpellingAntiOS;
			productName = SpellingAntiOS;
			productReference = 126BF45020A5D31E00F5FBFA /* SpellingAntiOS.app */;
			productType = "com.apple.product-type.application";
		};
/* End PBXNativeTarget section */

/* Begin PBXProject section */
		126BF44820A5D31E00F5FBFA /* Project object */ = {
			isa = PBXProject;
			attributes = {
				LastSwiftUpdateCheck = 0920;
				LastUpgradeCheck = 0920;
				ORGANIZATIONNAME = "Seong Eun Kim";
				TargetAttributes = {
					126BF44F20A5D31E00F5FBFA = {
						CreatedOnToolsVersion = 9.2;
						ProvisioningStyle = Automatic;
						SystemCapabilities = {
							com.apple.Push = {
								enabled = 1;
							};
							com.apple.iCloud = {
								enabled = 0;
							};
						};
					};
				};
			};
			buildConfigurationList = 126BF44B20A5D31E00F5FBFA /* Build configuration list for PBXProject "SpellingAntiOS" */;
			compatibilityVersion = "Xcode 8.0";
			developmentRegion = en;
			hasScannedForEncodings = 0;
			knownRegions = (
				en,
				Base,
			);
			mainGroup = 126BF44720A5D31E00F5FBFA;
			productRefGroup = 126BF45120A5D31E00F5FBFA /* Products */;
			projectDirPath = "";
			projectRoot = "";
			targets = (
				126BF44F20A5D31E00F5FBFA /* SpellingAntiOS */,
			);
		};
/* End PBXProject section */

/* Begin PBXResourcesBuildPhase section */
		126BF44E20A5D31E00F5FBFA /* Resources */ = {
			isa = PBXResourcesBuildPhase;
			buildActionMask = 2147483647;
			files = (
				126BF46120A5D31E00F5FBFA /* LaunchScreen.storyboard in Resources */,
				126BF45E20A5D31E00F5FBFA /* Assets.xcassets in Resources */,
				126BF45920A5D31E00F5FBFA /* Main.storyboard in Resources */,
			);
			runOnlyForDeploymentPostprocessing = 0;
		};
/* End PBXResourcesBuildPhase section */

/* Begin PBXSourcesBuildPhase section */
		126BF44C20A5D31E00F5FBFA /* Sources */ = {
			isa = PBXSourcesBuildPhase;
			buildActionMask = 2147483647;
			files = (
				CBC8242A20AB58800045B83C /* Pulsing.swift in Sources */,
				126BF46B20A5D3D600F5FBFA /* SpeechDetectionViewController.swift in Sources */,
				126BF46A20A5D3D600F5FBFA /* AudioTranscriptionService.swift in Sources */,
				CBC8242720AB3CB70045B83C /* KDCIrcularProgress.swift in Sources */,
				126BF46D20A5D9E000F5FBFA /* MultipeerService.swift in Sources */,
				126BF45C20A5D31E00F5FBFA /* SpellingAntiOS.xcdatamodeld in Sources */,
				126BF45420A5D31E00F5FBFA /* AppDelegate.swift in Sources */,
			);
			runOnlyForDeploymentPostprocessing = 0;
		};
/* End PBXSourcesBuildPhase section */

/* Begin PBXVariantGroup section */
		126BF45720A5D31E00F5FBFA /* Main.storyboard */ = {
			isa = PBXVariantGroup;
			children = (
				126BF45820A5D31E00F5FBFA /* Base */,
			);
			name = Main.storyboard;
			sourceTree = "<group>";
		};
		126BF45F20A5D31E00F5FBFA /* LaunchScreen.storyboard */ = {
			isa = PBXVariantGroup;
			children = (
				126BF46020A5D31E00F5FBFA /* Base */,
			);
			name = LaunchScreen.storyboard;
			sourceTree = "<group>";
		};
/* End PBXVariantGroup section */

/* Begin XCBuildConfiguration section */
		126BF46320A5D31E00F5FBFA /* Debug */ = {
			isa = XCBuildConfiguration;
			buildSettings = {
				ALWAYS_SEARCH_USER_PATHS = NO;
				CLANG_ANALYZER_NONNULL = YES;
				CLANG_ANALYZER_NUMBER_OBJECT_CONVERSION = YES_AGGRESSIVE;
				CLANG_CXX_LANGUAGE_STANDARD = "gnu++14";
				CLANG_CXX_LIBRARY = "libc++";
				CLANG_ENABLE_MODULES = YES;
				CLANG_ENABLE_OBJC_ARC = YES;
				CLANG_WARN_BLOCK_CAPTURE_AUTORELEASING = YES;
				CLANG_WARN_BOOL_CONVERSION = YES;
				CLANG_WARN_COMMA = YES;
				CLANG_WARN_CONSTANT_CONVERSION = YES;
				CLANG_WARN_DIRECT_OBJC_ISA_USAGE = YES_ERROR;
				CLANG_WARN_DOCUMENTATION_COMMENTS = YES;
				CLANG_WARN_EMPTY_BODY = YES;
				CLANG_WARN_ENUM_CONVERSION = YES;
				CLANG_WARN_INFINITE_RECURSION = YES;
				CLANG_WARN_INT_CONVERSION = YES;
				CLANG_WARN_NON_LITERAL_NULL_CONVERSION = YES;
				CLANG_WARN_OBJC_LITERAL_CONVERSION = YES;
				CLANG_WARN_OBJC_ROOT_CLASS = YES_ERROR;
				CLANG_WARN_RANGE_LOOP_ANALYSIS = YES;
				CLANG_WARN_STRICT_PROTOTYPES = YES;
				CLANG_WARN_SUSPICIOUS_MOVE = YES;
				CLANG_WARN_UNGUARDED_AVAILABILITY = YES_AGGRESSIVE;
				CLANG_WARN_UNREACHABLE_CODE = YES;
				CLANG_WARN__DUPLICATE_METHOD_MATCH = YES;
				CODE_SIGN_IDENTITY = "iPhone Developer";
				COPY_PHASE_STRIP = NO;
				DEBUG_INFORMATION_FORMAT = dwarf;
				ENABLE_STRICT_OBJC_MSGSEND = YES;
				ENABLE_TESTABILITY = YES;
				GCC_C_LANGUAGE_STANDARD = gnu11;
				GCC_DYNAMIC_NO_PIC = NO;
				GCC_NO_COMMON_BLOCKS = YES;
				GCC_OPTIMIZATION_LEVEL = 0;
				GCC_PREPROCESSOR_DEFINITIONS = (
					"DEBUG=1",
					"$(inherited)",
				);
				GCC_WARN_64_TO_32_BIT_CONVERSION = YES;
				GCC_WARN_ABOUT_RETURN_TYPE = YES_ERROR;
				GCC_WARN_UNDECLARED_SELECTOR = YES;
				GCC_WARN_UNINITIALIZED_AUTOS = YES_AGGRESSIVE;
				GCC_WARN_UNUSED_FUNCTION = YES;
				GCC_WARN_UNUSED_VARIABLE = YES;
				IPHONEOS_DEPLOYMENT_TARGET = 11.2;
				MTL_ENABLE_DEBUG_INFO = YES;
				ONLY_ACTIVE_ARCH = YES;
				SDKROOT = iphoneos;
				SWIFT_ACTIVE_COMPILATION_CONDITIONS = DEBUG;
				SWIFT_OPTIMIZATION_LEVEL = "-Onone";
			};
			name = Debug;
		};
		126BF46420A5D31E00F5FBFA /* Release */ = {
			isa = XCBuildConfiguration;
			buildSettings = {
				ALWAYS_SEARCH_USER_PATHS = NO;
				CLANG_ANALYZER_NONNULL = YES;
				CLANG_ANALYZER_NUMBER_OBJECT_CONVERSION = YES_AGGRESSIVE;
				CLANG_CXX_LANGUAGE_STANDARD = "gnu++14";
				CLANG_CXX_LIBRARY = "libc++";
				CLANG_ENABLE_MODULES = YES;
				CLANG_ENABLE_OBJC_ARC = YES;
				CLANG_WARN_BLOCK_CAPTURE_AUTORELEASING = YES;
				CLANG_WARN_BOOL_CONVERSION = YES;
				CLANG_WARN_COMMA = YES;
				CLANG_WARN_CONSTANT_CONVERSION = YES;
				CLANG_WARN_DIRECT_OBJC_ISA_USAGE = YES_ERROR;
				CLANG_WARN_DOCUMENTATION_COMMENTS = YES;
				CLANG_WARN_EMPTY_BODY = YES;
				CLANG_WARN_ENUM_CONVERSION = YES;
				CLANG_WARN_INFINITE_RECURSION = YES;
				CLANG_WARN_INT_CONVERSION = YES;
				CLANG_WARN_NON_LITERAL_NULL_CONVERSION = YES;
				CLANG_WARN_OBJC_LITERAL_CONVERSION = YES;
				CLANG_WARN_OBJC_ROOT_CLASS = YES_ERROR;
				CLANG_WARN_RANGE_LOOP_ANALYSIS = YES;
				CLANG_WARN_STRICT_PROTOTYPES = YES;
				CLANG_WARN_SUSPICIOUS_MOVE = YES;
				CLANG_WARN_UNGUARDED_AVAILABILITY = YES_AGGRESSIVE;
				CLANG_WARN_UNREACHABLE_CODE = YES;
				CLANG_WARN__DUPLICATE_METHOD_MATCH = YES;
				CODE_SIGN_IDENTITY = "iPhone Developer";
				COPY_PHASE_STRIP = NO;
				DEBUG_INFORMATION_FORMAT = "dwarf-with-dsym";
				ENABLE_NS_ASSERTIONS = NO;
				ENABLE_STRICT_OBJC_MSGSEND = YES;
				GCC_C_LANGUAGE_STANDARD = gnu11;
				GCC_NO_COMMON_BLOCKS = YES;
				GCC_WARN_64_TO_32_BIT_CONVERSION = YES;
				GCC_WARN_ABOUT_RETURN_TYPE = YES_ERROR;
				GCC_WARN_UNDECLARED_SELECTOR = YES;
				GCC_WARN_UNINITIALIZED_AUTOS = YES_AGGRESSIVE;
				GCC_WARN_UNUSED_FUNCTION = YES;
				GCC_WARN_UNUSED_VARIABLE = YES;
				IPHONEOS_DEPLOYMENT_TARGET = 11.2;
				MTL_ENABLE_DEBUG_INFO = NO;
				SDKROOT = iphoneos;
				SWIFT_OPTIMIZATION_LEVEL = "-Owholemodule";
				VALIDATE_PRODUCT = YES;
			};
			name = Release;
		};
		126BF46620A5D31E00F5FBFA /* Debug */ = {
			isa = XCBuildConfiguration;
			buildSettings = {
				ASSETCATALOG_COMPILER_APPICON_NAME = AppIcon;
				CODE_SIGN_ENTITLEMENTS = SpellingAntiOS/SpellingAntiOS.entitlements;
				CODE_SIGN_STYLE = Automatic;
				DEVELOPMENT_TEAM = 6MTLA429XS;
				INFOPLIST_FILE = SpellingAntiOS/Info.plist;
				LD_RUNPATH_SEARCH_PATHS = "$(inherited) @executable_path/Frameworks";
				PRODUCT_BUNDLE_IDENTIFIER = br.org.KimBiaClaraRick.SpellingAntiOS;
				PRODUCT_NAME = "$(TARGET_NAME)";
				SWIFT_VERSION = 4.0;
				TARGETED_DEVICE_FAMILY = "1,2";
			};
			name = Debug;
		};
		126BF46720A5D31E00F5FBFA /* Release */ = {
			isa = XCBuildConfiguration;
			buildSettings = {
				ASSETCATALOG_COMPILER_APPICON_NAME = AppIcon;
				CODE_SIGN_ENTITLEMENTS = SpellingAntiOS/SpellingAntiOS.entitlements;
				CODE_SIGN_STYLE = Automatic;
				DEVELOPMENT_TEAM = 6MTLA429XS;
				INFOPLIST_FILE = SpellingAntiOS/Info.plist;
				LD_RUNPATH_SEARCH_PATHS = "$(inherited) @executable_path/Frameworks";
				PRODUCT_BUNDLE_IDENTIFIER = br.org.KimBiaClaraRick.SpellingAntiOS;
				PRODUCT_NAME = "$(TARGET_NAME)";
				SWIFT_VERSION = 4.0;
				TARGETED_DEVICE_FAMILY = "1,2";
			};
			name = Release;
		};
/* End XCBuildConfiguration section */

/* Begin XCConfigurationList section */
		126BF44B20A5D31E00F5FBFA /* Build configuration list for PBXProject "SpellingAntiOS" */ = {
			isa = XCConfigurationList;
			buildConfigurations = (
				126BF46320A5D31E00F5FBFA /* Debug */,
				126BF46420A5D31E00F5FBFA /* Release */,
			);
			defaultConfigurationIsVisible = 0;
			defaultConfigurationName = Release;
		};
		126BF46520A5D31E00F5FBFA /* Build configuration list for PBXNativeTarget "SpellingAntiOS" */ = {
			isa = XCConfigurationList;
			buildConfigurations = (
				126BF46620A5D31E00F5FBFA /* Debug */,
				126BF46720A5D31E00F5FBFA /* Release */,
			);
			defaultConfigurationIsVisible = 0;
			defaultConfigurationName = Release;
		};
/* End XCConfigurationList section */

/* Begin XCVersionGroup section */
		126BF45A20A5D31E00F5FBFA /* SpellingAntiOS.xcdatamodeld */ = {
			isa = XCVersionGroup;
			children = (
				126BF45B20A5D31E00F5FBFA /* SpellingAntiOS.xcdatamodel */,
			);
			currentVersion = 126BF45B20A5D31E00F5FBFA /* SpellingAntiOS.xcdatamodel */;
			path = SpellingAntiOS.xcdatamodeld;
			sourceTree = "<group>";
			versionGroupType = wrapper.xcdatamodel;
		};
/* End XCVersionGroup section */
	};
	rootObject = 126BF44820A5D31E00F5FBFA /* Project object */;
}
